// !$*UTF8*$!
{
	archiveVersion = 1;
	classes = {
	};
	objectVersion = 46;
	objects = {

/* Begin PBXBuildFile section */
		26AEF0C387DD14CECD9B51F6 /* Pods_WeatherApp.framework in Frameworks */ = {isa = PBXBuildFile; fileRef = D4729B500835DD8536FE437D /* Pods_WeatherApp.framework */; };
		93406DE31D7CA26B0047A91B /* Weather.swift in Sources */ = {isa = PBXBuildFile; fileRef = 93406DE21D7CA26B0047A91B /* Weather.swift */; };
		93406DE51D7CA6F40047A91B /* Contants.swift in Sources */ = {isa = PBXBuildFile; fileRef = 93406DE41D7CA6F40047A91B /* Contants.swift */; };
		93E75A391D7B3C3A00CA90D0 /* AppDelegate.swift in Sources */ = {isa = PBXBuildFile; fileRef = 93E75A381D7B3C3A00CA90D0 /* AppDelegate.swift */; };
		93E75A3B1D7B3C3A00CA90D0 /* WeatherController.swift in Sources */ = {isa = PBXBuildFile; fileRef = 93E75A3A1D7B3C3A00CA90D0 /* WeatherController.swift */; };
		93E75A401D7B3C3A00CA90D0 /* Assets.xcassets in Resources */ = {isa = PBXBuildFile; fileRef = 93E75A3F1D7B3C3A00CA90D0 /* Assets.xcassets */; };
		93E75A431D7B3C3A00CA90D0 /* LaunchScreen.storyboard in Resources */ = {isa = PBXBuildFile; fileRef = 93E75A411D7B3C3A00CA90D0 /* LaunchScreen.storyboard */; };
/* End PBXBuildFile section */

/* Begin PBXFileReference section */
		93406DE21D7CA26B0047A91B /* Weather.swift */ = {isa = PBXFileReference; fileEncoding = 4; lastKnownFileType = sourcecode.swift; path = Weather.swift; sourceTree = "<group>"; };
		93406DE41D7CA6F40047A91B /* Contants.swift */ = {isa = PBXFileReference; fileEncoding = 4; lastKnownFileType = sourcecode.swift; path = Contants.swift; sourceTree = "<group>"; };
		93E75A351D7B3C3A00CA90D0 /* WeatherApp.app */ = {isa = PBXFileReference; explicitFileType = wrapper.application; includeInIndex = 0; path = WeatherApp.app; sourceTree = BUILT_PRODUCTS_DIR; };
		93E75A381D7B3C3A00CA90D0 /* AppDelegate.swift */ = {isa = PBXFileReference; lastKnownFileType = sourcecode.swift; path = AppDelegate.swift; sourceTree = "<group>"; };
		93E75A3A1D7B3C3A00CA90D0 /* WeatherController.swift */ = {isa = PBXFileReference; lastKnownFileType = sourcecode.swift; path = WeatherController.swift; sourceTree = "<group>"; };
		93E75A3F1D7B3C3A00CA90D0 /* Assets.xcassets */ = {isa = PBXFileReference; lastKnownFileType = folder.assetcatalog; path = Assets.xcassets; sourceTree = "<group>"; };
		93E75A421D7B3C3A00CA90D0 /* Base */ = {isa = PBXFileReference; lastKnownFileType = file.storyboard; name = Base; path = Base.lproj/LaunchScreen.storyboard; sourceTree = "<group>"; };
		93E75A441D7B3C3A00CA90D0 /* Info.plist */ = {isa = PBXFileReference; lastKnownFileType = text.plist.xml; path = Info.plist; sourceTree = "<group>"; };
		BBBF4E67CCE5F715F18C2A42 /* Pods-WeatherApp.release.xcconfig */ = {isa = PBXFileReference; includeInIndex = 1; lastKnownFileType = text.xcconfig; name = "Pods-WeatherApp.release.xcconfig"; path = "Pods/Target Support Files/Pods-WeatherApp/Pods-WeatherApp.release.xcconfig"; sourceTree = "<group>"; };
		C0D3098B4D1752BEA67A7DEE /* Pods-WeatherApp.debug.xcconfig */ = {isa = PBXFileReference; includeInIndex = 1; lastKnownFileType = text.xcconfig; name = "Pods-WeatherApp.debug.xcconfig"; path = "Pods/Target Support Files/Pods-WeatherApp/Pods-WeatherApp.debug.xcconfig"; sourceTree = "<group>"; };
		D4729B500835DD8536FE437D /* Pods_WeatherApp.framework */ = {isa = PBXFileReference; explicitFileType = wrapper.framework; includeInIndex = 0; path = Pods_WeatherApp.framework; sourceTree = BUILT_PRODUCTS_DIR; };
/* End PBXFileReference section */

/* Begin PBXFrameworksBuildPhase section */
		93E75A321D7B3C3A00CA90D0 /* Frameworks */ = {
			isa = PBXFrameworksBuildPhase;
			buildActionMask = 2147483647;
			files = (
				26AEF0C387DD14CECD9B51F6 /* Pods_WeatherApp.framework in Frameworks */,
			);
			runOnlyForDeploymentPostprocessing = 0;
		};
/* End PBXFrameworksBuildPhase section */

/* Begin PBXGroup section */
		318935E14308F4595EBDD59F /* Frameworks */ = {
			isa = PBXGroup;
			children = (
				D4729B500835DD8536FE437D /* Pods_WeatherApp.framework */,
			);
			name = Frameworks;
			sourceTree = "<group>";
		};
		744DA0FFF991C92CF8A933D5 /* Pods */ = {
			isa = PBXGroup;
			children = (
				C0D3098B4D1752BEA67A7DEE /* Pods-WeatherApp.debug.xcconfig */,
				BBBF4E67CCE5F715F18C2A42 /* Pods-WeatherApp.release.xcconfig */,
			);
			name = Pods;
			sourceTree = "<group>";
		};
		93C437FE1D7BE95900ECDC6E /* Model */ = {
			isa = PBXGroup;
			children = (
				93406DE21D7CA26B0047A91B /* Weather.swift */,
			);
			name = Model;
			sourceTree = "<group>";
		};
		93C437FF1D7BE95F00ECDC6E /* View */ = {
			isa = PBXGroup;
			children = (
			);
			name = View;
			sourceTree = "<group>";
		};
		93C438001D7BE96400ECDC6E /* Controller */ = {
			isa = PBXGroup;
			children = (
				93E75A3A1D7B3C3A00CA90D0 /* WeatherController.swift */,
			);
			name = Controller;
			sourceTree = "<group>";
		};
		93E75A2C1D7B3C3A00CA90D0 = {
			isa = PBXGroup;
			children = (
				93E75A371D7B3C3A00CA90D0 /* WeatherApp */,
				93E75A361D7B3C3A00CA90D0 /* Products */,
				744DA0FFF991C92CF8A933D5 /* Pods */,
				318935E14308F4595EBDD59F /* Frameworks */,
			);
			sourceTree = "<group>";
		};
		93E75A361D7B3C3A00CA90D0 /* Products */ = {
			isa = PBXGroup;
			children = (
				93E75A351D7B3C3A00CA90D0 /* WeatherApp.app */,
			);
			name = Products;
			sourceTree = "<group>";
		};
		93E75A371D7B3C3A00CA90D0 /* WeatherApp */ = {
			isa = PBXGroup;
			children = (
				93C438001D7BE96400ECDC6E /* Controller */,
				93406DE41D7CA6F40047A91B /* Contants.swift */,
				93C437FF1D7BE95F00ECDC6E /* View */,
				93C437FE1D7BE95900ECDC6E /* Model */,
				93E75A381D7B3C3A00CA90D0 /* AppDelegate.swift */,
				93E75A3F1D7B3C3A00CA90D0 /* Assets.xcassets */,
				93E75A411D7B3C3A00CA90D0 /* LaunchScreen.storyboard */,
				93E75A441D7B3C3A00CA90D0 /* Info.plist */,
			);
			path = WeatherApp;
			sourceTree = "<group>";
		};
/* End PBXGroup section */

/* Begin PBXNativeTarget section */
		93E75A341D7B3C3A00CA90D0 /* WeatherApp */ = {
			isa = PBXNativeTarget;
			buildConfigurationList = 93E75A471D7B3C3A00CA90D0 /* Build configuration list for PBXNativeTarget "WeatherApp" */;
			buildPhases = (
				202D235CC96A507EB800060F /* [CP] Check Pods Manifest.lock */,
				93E75A311D7B3C3A00CA90D0 /* Sources */,
				93E75A321D7B3C3A00CA90D0 /* Frameworks */,
				93E75A331D7B3C3A00CA90D0 /* Resources */,
				A56FC89E9267B3852EB4879B /* [CP] Embed Pods Frameworks */,
				2640CFC684F90E24255EE936 /* [CP] Copy Pods Resources */,
			);
			buildRules = (
			);
			dependencies = (
			);
			name = WeatherApp;
			productName = WeatherApp;
			productReference = 93E75A351D7B3C3A00CA90D0 /* WeatherApp.app */;
			productType = "com.apple.product-type.application";
		};
/* End PBXNativeTarget section */

/* Begin PBXProject section */
		93E75A2D1D7B3C3A00CA90D0 /* Project object */ = {
			isa = PBXProject;
			attributes = {
				LastSwiftUpdateCheck = 0730;
				LastUpgradeCheck = 0730;
				ORGANIZATIONNAME = AaronChambers;
				TargetAttributes = {
					93E75A341D7B3C3A00CA90D0 = {
						CreatedOnToolsVersion = 7.3.1;
						DevelopmentTeam = 39B4CW6KZP;
					};
				};
			};
			buildConfigurationList = 93E75A301D7B3C3A00CA90D0 /* Build configuration list for PBXProject "WeatherApp" */;
			compatibilityVersion = "Xcode 3.2";
			developmentRegion = English;
			hasScannedForEncodings = 0;
			knownRegions = (
				en,
				Base,
			);
			mainGroup = 93E75A2C1D7B3C3A00CA90D0;
			productRefGroup = 93E75A361D7B3C3A00CA90D0 /* Products */;
			projectDirPath = "";
			projectRoot = "";
			targets = (
				93E75A341D7B3C3A00CA90D0 /* WeatherApp */,
			);
		};
/* End PBXProject section */

/* Begin PBXResourcesBuildPhase section */
		93E75A331D7B3C3A00CA90D0 /* Resources */ = {
			isa = PBXResourcesBuildPhase;
			buildActionMask = 2147483647;
			files = (
				93E75A431D7B3C3A00CA90D0 /* LaunchScreen.storyboard in Resources */,
				93E75A401D7B3C3A00CA90D0 /* Assets.xcassets in Resources */,
			);
			runOnlyForDeploymentPostprocessing = 0;
		};
/* End PBXResourcesBuildPhase section */

/* Begin PBXShellScriptBuildPhase section */
		202D235CC96A507EB800060F /* [CP] Check Pods Manifest.lock */ = {
			isa = PBXShellScriptBuildPhase;
			buildActionMask = 2147483647;
			files = (
			);
			inputPaths = (
			);
			name = "[CP] Check Pods Manifest.lock";
			outputPaths = (
			);
			runOnlyForDeploymentPostprocessing = 0;
			shellPath = /bin/sh;
			shellScript = "diff \"${PODS_ROOT}/../Podfile.lock\" \"${PODS_ROOT}/Manifest.lock\" > /dev/null\nif [[ $? != 0 ]] ; then\n    cat << EOM\nerror: The sandbox is not in sync with the Podfile.lock. Run 'pod install' or update your CocoaPods installation.\nEOM\n    exit 1\nfi\n";
			showEnvVarsInLog = 0;
		};
		2640CFC684F90E24255EE936 /* [CP] Copy Pods Resources */ = {
			isa = PBXShellScriptBuildPhase;
			buildActionMask = 2147483647;
			files = (
			);
			inputPaths = (
			);
			name = "[CP] Copy Pods Resources";
			outputPaths = (
			);
			runOnlyForDeploymentPostprocessing = 0;
			shellPath = /bin/sh;
			shellScript = "\"${SRCROOT}/Pods/Target Support Files/Pods-WeatherApp/Pods-WeatherApp-resources.sh\"\n";
			showEnvVarsInLog = 0;
		};
		A56FC89E9267B3852EB4879B /* [CP] Embed Pods Frameworks */ = {
			isa = PBXShellScriptBuildPhase;
			buildActionMask = 2147483647;
			files = (
			);
			inputPaths = (
			);
			name = "[CP] Embed Pods Frameworks";
			outputPaths = (
			);
			runOnlyForDeploymentPostprocessing = 0;
			shellPath = /bin/sh;
			shellScript = "\"${SRCROOT}/Pods/Target Support Files/Pods-WeatherApp/Pods-WeatherApp-frameworks.sh\"\n";
			showEnvVarsInLog = 0;
		};
/* End PBXShellScriptBuildPhase section */

/* Begin PBXSourcesBuildPhase section */
		93E75A311D7B3C3A00CA90D0 /* Sources */ = {
			isa = PBXSourcesBuildPhase;
			buildActionMask = 2147483647;
			files = (
				93E75A3B1D7B3C3A00CA90D0 /* WeatherController.swift in Sources */,
				93406DE31D7CA26B0047A91B /* Weather.swift in Sources */,
				93E75A391D7B3C3A00CA90D0 /* AppDelegate.swift in Sources */,
				93406DE51D7CA6F40047A91B /* Contants.swift in Sources */,
			);
			runOnlyForDeploymentPostprocessing = 0;
		};
/* End PBXSourcesBuildPhase section */

/* Begin PBXVariantGroup section */
		93E75A411D7B3C3A00CA90D0 /* LaunchScreen.storyboard */ = {
			isa = PBXVariantGroup;
			children = (
				93E75A421D7B3C3A00CA90D0 /* Base */,
			);
			name = LaunchScreen.storyboard;
			sourceTree = "<group>";
		};
/* End PBXVariantGroup section */

/* Begin XCBuildConfiguration section */
		93E75A451D7B3C3A00CA90D0 /* Debug */ = {
			isa = XCBuildConfiguration;
			buildSettings = {
				ALWAYS_SEARCH_USER_PATHS = NO;
				CLANG_ANALYZER_NONNULL = YES;
				CLANG_CXX_LANGUAGE_STANDARD = "gnu++0x";
				CLANG_CXX_LIBRARY = "libc++";
				CLANG_ENABLE_MODULES = YES;
				CLANG_ENABLE_OBJC_ARC = YES;
				CLANG_WARN_BOOL_CONVERSION = YES;
				CLANG_WARN_CONSTANT_CONVERSION = YES;
				CLANG_WARN_DIRECT_OBJC_ISA_USAGE = YES_ERROR;
				CLANG_WARN_EMPTY_BODY = YES;
				CLANG_WARN_ENUM_CONVERSION = YES;
				CLANG_WARN_INT_CONVERSION = YES;
				CLANG_WARN_OBJC_ROOT_CLASS = YES_ERROR;
				CLANG_WARN_UNREACHABLE_CODE = YES;
				CLANG_WARN__DUPLICATE_METHOD_MATCH = YES;
				"CODE_SIGN_IDENTITY[sdk=iphoneos*]" = "iPhone Developer";
				COPY_PHASE_STRIP = NO;
				DEBUG_INFORMATION_FORMAT = dwarf;
				ENABLE_STRICT_OBJC_MSGSEND = YES;
				ENABLE_TESTABILITY = YES;
				GCC_C_LANGUAGE_STANDARD = gnu99;
				GCC_DYNAMIC_NO_PIC = NO;
				GCC_NO_COMMON_BLOCKS = YES;
				GCC_OPTIMIZATION_LEVEL = 0;
				GCC_PREPROCESSOR_DEFINITIONS = (
					"DEBUG=1",
					"$(inherited)",
				);
				GCC_WARN_64_TO_32_BIT_CONVERSION = YES;
				GCC_WARN_ABOUT_RETURN_TYPE = YES_ERROR;
				GCC_WARN_UNDECLARED_SELECTOR = YES;
				GCC_WARN_UNINITIALIZED_AUTOS = YES_AGGRESSIVE;
				GCC_WARN_UNUSED_FUNCTION = YES;
				GCC_WARN_UNUSED_VARIABLE = YES;
				IPHONEOS_DEPLOYMENT_TARGET = 9.3;
				MTL_ENABLE_DEBUG_INFO = YES;
				ONLY_ACTIVE_ARCH = YES;
				SDKROOT = iphoneos;
				SWIFT_OPTIMIZATION_LEVEL = "-Onone";
				TARGETED_DEVICE_FAMILY = "1,2";
			};
			name = Debug;
		};
		93E75A461D7B3C3A00CA90D0 /* Release */ = {
			isa = XCBuildConfiguration;
			buildSettings = {
				ALWAYS_SEARCH_USER_PATHS = NO;
				CLANG_ANALYZER_NONNULL = YES;
				CLANG_CXX_LANGUAGE_STANDARD = "gnu++0x";
				CLANG_CXX_LIBRARY = "libc++";
				CLANG_ENABLE_MODULES = YES;
				CLANG_ENABLE_OBJC_ARC = YES;
				CLANG_WARN_BOOL_CONVERSION = YES;
				CLANG_WARN_CONSTANT_CONVERSION = YES;
				CLANG_WARN_DIRECT_OBJC_ISA_USAGE = YES_ERROR;
				CLANG_WARN_EMPTY_BODY = YES;
				CLANG_WARN_ENUM_CONVERSION = YES;
				CLANG_WARN_INT_CONVERSION = YES;
				CLANG_WARN_OBJC_ROOT_CLASS = YES_ERROR;
				CLANG_WARN_UNREACHABLE_CODE = YES;
				CLANG_WARN__DUPLICATE_METHOD_MATCH = YES;
				"CODE_SIGN_IDENTITY[sdk=iphoneos*]" = "iPhone Developer";
				COPY_PHASE_STRIP = NO;
				DEBUG_INFORMATION_FORMAT = "dwarf-with-dsym";
				ENABLE_NS_ASSERTIONS = NO;
				ENABLE_STRICT_OBJC_MSGSEND = YES;
				GCC_C_LANGUAGE_STANDARD = gnu99;
				GCC_NO_COMMON_BLOCKS = YES;
				GCC_WARN_64_TO_32_BIT_CONVERSION = YES;
				GCC_WARN_ABOUT_RETURN_TYPE = YES_ERROR;
				GCC_WARN_UNDECLARED_SELECTOR = YES;
				GCC_WARN_UNINITIALIZED_AUTOS = YES_AGGRESSIVE;
				GCC_WARN_UNUSED_FUNCTION = YES;
				GCC_WARN_UNUSED_VARIABLE = YES;
				IPHONEOS_DEPLOYMENT_TARGET = 9.3;
				MTL_ENABLE_DEBUG_INFO = NO;
				SDKROOT = iphoneos;
				TARGETED_DEVICE_FAMILY = "1,2";
				VALIDATE_PRODUCT = YES;
			};
			name = Release;
		};
		93E75A481D7B3C3A00CA90D0 /* Debug */ = {
			isa = XCBuildConfiguration;
			baseConfigurationReference = C0D3098B4D1752BEA67A7DEE /* Pods-WeatherApp.debug.xcconfig */;
			buildSettings = {
				ASSETCATALOG_COMPILER_APPICON_NAME = AppIcon;
				INFOPLIST_FILE = WeatherApp/Info.plist;
				LD_RUNPATH_SEARCH_PATHS = "$(inherited) @executable_path/Frameworks";
				PRODUCT_BUNDLE_IDENTIFIER = com.aaronrc.WeatherApp;
				PRODUCT_NAME = "$(TARGET_NAME)";
			};
			name = Debug;
		};
		93E75A491D7B3C3A00CA90D0 /* Release */ = {
			isa = XCBuildConfiguration;
			baseConfigurationReference = BBBF4E67CCE5F715F18C2A42 /* Pods-WeatherApp.release.xcconfig */;
			buildSettings = {
				ASSETCATALOG_COMPILER_APPICON_NAME = AppIcon;
				INFOPLIST_FILE = WeatherApp/Info.plist;
				LD_RUNPATH_SEARCH_PATHS = "$(inherited) @executable_path/Frameworks";
				PRODUCT_BUNDLE_IDENTIFIER = com.aaronrc.WeatherApp;
				PRODUCT_NAME = "$(TARGET_NAME)";
			};
			name = Release;
		};
/* End XCBuildConfiguration section */

/* Begin XCConfigurationList section */
		93E75A301D7B3C3A00CA90D0 /* Build configuration list for PBXProject "WeatherApp" */ = {
			isa = XCConfigurationList;
			buildConfigurations = (
				93E75A451D7B3C3A00CA90D0 /* Debug */,
				93E75A461D7B3C3A00CA90D0 /* Release */,
			);
			defaultConfigurationIsVisible = 0;
			defaultConfigurationName = Release;
		};
		93E75A471D7B3C3A00CA90D0 /* Build configuration list for PBXNativeTarget "WeatherApp" */ = {
			isa = XCConfigurationList;
			buildConfigurations = (
				93E75A481D7B3C3A00CA90D0 /* Debug */,
				93E75A491D7B3C3A00CA90D0 /* Release */,
			);
			defaultConfigurationIsVisible = 0;
			defaultConfigurationName = Release;
		};
/* End XCConfigurationList section */
	};
	rootObject = 93E75A2D1D7B3C3A00CA90D0 /* Project object */;
}
